// !$*UTF8*$!
{
	archiveVersion = 1;
	classes = {
	};
	objectVersion = 50;
	objects = {

/* Begin PBXBuildFile section */
		819EEE7E23EB759A00CFB100 /* AppDelegate.swift in Sources */ = {isa = PBXBuildFile; fileRef = 819EEE7D23EB759A00CFB100 /* AppDelegate.swift */; };
		819EEE8023EB759A00CFB100 /* SceneDelegate.swift in Sources */ = {isa = PBXBuildFile; fileRef = 819EEE7F23EB759A00CFB100 /* SceneDelegate.swift */; };
		819EEE8223EB759A00CFB100 /* ViewController.swift in Sources */ = {isa = PBXBuildFile; fileRef = 819EEE8123EB759A00CFB100 /* ViewController.swift */; };
		819EEE8523EB759A00CFB100 /* Main.storyboard in Resources */ = {isa = PBXBuildFile; fileRef = 819EEE8323EB759A00CFB100 /* Main.storyboard */; };
		819EEE8723EB759C00CFB100 /* Assets.xcassets in Resources */ = {isa = PBXBuildFile; fileRef = 819EEE8623EB759C00CFB100 /* Assets.xcassets */; };
		819EEE8A23EB759C00CFB100 /* LaunchScreen.storyboard in Resources */ = {isa = PBXBuildFile; fileRef = 819EEE8823EB759C00CFB100 /* LaunchScreen.storyboard */; };
		819EEE9523EB759C00CFB100 /* calcTestsTests.swift in Sources */ = {isa = PBXBuildFile; fileRef = 819EEE9423EB759C00CFB100 /* calcTestsTests.swift */; };
		819EEEA023EB76EC00CFB100 /* Calculator.swift in Sources */ = {isa = PBXBuildFile; fileRef = 819EEE9F23EB76EC00CFB100 /* Calculator.swift */; };
/* End PBXBuildFile section */

/* Begin PBXContainerItemProxy section */
		819EEE9123EB759C00CFB100 /* PBXContainerItemProxy */ = {
			isa = PBXContainerItemProxy;
			containerPortal = 819EEE7223EB759A00CFB100 /* Project object */;
			proxyType = 1;
			remoteGlobalIDString = 819EEE7923EB759A00CFB100;
			remoteInfo = calcTests;
		};
/* End PBXContainerItemProxy section */

/* Begin PBXFileReference section */
		819EEE7A23EB759A00CFB100 /* calcTests.app */ = {isa = PBXFileReference; explicitFileType = wrapper.application; includeInIndex = 0; path = calcTests.app; sourceTree = BUILT_PRODUCTS_DIR; };
		819EEE7D23EB759A00CFB100 /* AppDelegate.swift */ = {isa = PBXFileReference; lastKnownFileType = sourcecode.swift; path = AppDelegate.swift; sourceTree = "<group>"; };
		819EEE7F23EB759A00CFB100 /* SceneDelegate.swift */ = {isa = PBXFileReference; lastKnownFileType = sourcecode.swift; path = SceneDelegate.swift; sourceTree = "<group>"; };
		819EEE8123EB759A00CFB100 /* ViewController.swift */ = {isa = PBXFileReference; lastKnownFileType = sourcecode.swift; path = ViewController.swift; sourceTree = "<group>"; };
		819EEE8423EB759A00CFB100 /* Base */ = {isa = PBXFileReference; lastKnownFileType = file.storyboard; name = Base; path = Base.lproj/Main.storyboard; sourceTree = "<group>"; };
		819EEE8623EB759C00CFB100 /* Assets.xcassets */ = {isa = PBXFileReference; lastKnownFileType = folder.assetcatalog; path = Assets.xcassets; sourceTree = "<group>"; };
		819EEE8923EB759C00CFB100 /* Base */ = {isa = PBXFileReference; lastKnownFileType = file.storyboard; name = Base; path = Base.lproj/LaunchScreen.storyboard; sourceTree = "<group>"; };
		819EEE8B23EB759C00CFB100 /* Info.plist */ = {isa = PBXFileReference; lastKnownFileType = text.plist.xml; path = Info.plist; sourceTree = "<group>"; };
		819EEE9023EB759C00CFB100 /* calcTestsTests.xctest */ = {isa = PBXFileReference; explicitFileType = wrapper.cfbundle; includeInIndex = 0; path = calcTestsTests.xctest; sourceTree = BUILT_PRODUCTS_DIR; };
		819EEE9423EB759C00CFB100 /* calcTestsTests.swift */ = {isa = PBXFileReference; lastKnownFileType = sourcecode.swift; path = calcTestsTests.swift; sourceTree = "<group>"; };
		819EEE9623EB759C00CFB100 /* Info.plist */ = {isa = PBXFileReference; lastKnownFileType = text.plist.xml; path = Info.plist; sourceTree = "<group>"; };
		819EEE9F23EB76EC00CFB100 /* Calculator.swift */ = {isa = PBXFileReference; lastKnownFileType = sourcecode.swift; path = Calculator.swift; sourceTree = "<group>"; };
/* End PBXFileReference section */

/* Begin PBXFrameworksBuildPhase section */
		819EEE7723EB759A00CFB100 /* Frameworks */ = {
			isa = PBXFrameworksBuildPhase;
			buildActionMask = 2147483647;
			files = (
			);
			runOnlyForDeploymentPostprocessing = 0;
		};
		819EEE8D23EB759C00CFB100 /* Frameworks */ = {
			isa = PBXFrameworksBuildPhase;
			buildActionMask = 2147483647;
			files = (
			);
			runOnlyForDeploymentPostprocessing = 0;
		};
/* End PBXFrameworksBuildPhase section */

/* Begin PBXGroup section */
		819EEE7123EB759A00CFB100 = {
			isa = PBXGroup;
			children = (
				819EEE7C23EB759A00CFB100 /* calcTests */,
				819EEE9323EB759C00CFB100 /* calcTestsTests */,
				819EEE7B23EB759A00CFB100 /* Products */,
			);
			sourceTree = "<group>";
		};
		819EEE7B23EB759A00CFB100 /* Products */ = {
			isa = PBXGroup;
			children = (
				819EEE7A23EB759A00CFB100 /* calcTests.app */,
				819EEE9023EB759C00CFB100 /* calcTestsTests.xctest */,
			);
			name = Products;
			sourceTree = "<group>";
		};
		819EEE7C23EB759A00CFB100 /* calcTests */ = {
			isa = PBXGroup;
			children = (
				819EEE7D23EB759A00CFB100 /* AppDelegate.swift */,
				819EEE7F23EB759A00CFB100 /* SceneDelegate.swift */,
				819EEE8123EB759A00CFB100 /* ViewController.swift */,
				819EEE8323EB759A00CFB100 /* Main.storyboard */,
				819EEE8623EB759C00CFB100 /* Assets.xcassets */,
				819EEE8823EB759C00CFB100 /* LaunchScreen.storyboard */,
				819EEE8B23EB759C00CFB100 /* Info.plist */,
				819EEE9F23EB76EC00CFB100 /* Calculator.swift */,
			);
			path = calcTests;
			sourceTree = "<group>";
		};
		819EEE9323EB759C00CFB100 /* calcTestsTests */ = {
			isa = PBXGroup;
			children = (
				819EEE9423EB759C00CFB100 /* calcTestsTests.swift */,
				819EEE9623EB759C00CFB100 /* Info.plist */,
			);
			path = calcTestsTests;
			sourceTree = "<group>";
		};
/* End PBXGroup section */

/* Begin PBXNativeTarget section */
		819EEE7923EB759A00CFB100 /* calcTests */ = {
			isa = PBXNativeTarget;
			buildConfigurationList = 819EEE9923EB759C00CFB100 /* Build configuration list for PBXNativeTarget "calcTests" */;
			buildPhases = (
				819EEE7623EB759A00CFB100 /* Sources */,
				819EEE7723EB759A00CFB100 /* Frameworks */,
				819EEE7823EB759A00CFB100 /* Resources */,
			);
			buildRules = (
			);
			dependencies = (
			);
			name = calcTests;
			productName = calcTests;
			productReference = 819EEE7A23EB759A00CFB100 /* calcTests.app */;
			productType = "com.apple.product-type.application";
		};
		819EEE8F23EB759C00CFB100 /* calcTestsTests */ = {
			isa = PBXNativeTarget;
			buildConfigurationList = 819EEE9C23EB759C00CFB100 /* Build configuration list for PBXNativeTarget "calcTestsTests" */;
			buildPhases = (
				819EEE8C23EB759C00CFB100 /* Sources */,
				819EEE8D23EB759C00CFB100 /* Frameworks */,
				819EEE8E23EB759C00CFB100 /* Resources */,
			);
			buildRules = (
			);
			dependencies = (
				819EEE9223EB759C00CFB100 /* PBXTargetDependency */,
			);
			name = calcTestsTests;
			productName = calcTestsTests;
			productReference = 819EEE9023EB759C00CFB100 /* calcTestsTests.xctest */;
			productType = "com.apple.product-type.bundle.unit-test";
		};
/* End PBXNativeTarget section */

/* Begin PBXProject section */
		819EEE7223EB759A00CFB100 /* Project object */ = {
			isa = PBXProject;
			attributes = {
				LastSwiftUpdateCheck = 1100;
				LastUpgradeCheck = 1100;
				ORGANIZATIONNAME = "Iram Fattah";
				TargetAttributes = {
					819EEE7923EB759A00CFB100 = {
						CreatedOnToolsVersion = 11.0;
					};
					819EEE8F23EB759C00CFB100 = {
						CreatedOnToolsVersion = 11.0;
						TestTargetID = 819EEE7923EB759A00CFB100;
					};
				};
			};
			buildConfigurationList = 819EEE7523EB759A00CFB100 /* Build configuration list for PBXProject "calcTests" */;
			compatibilityVersion = "Xcode 9.3";
			developmentRegion = en;
			hasScannedForEncodings = 0;
			knownRegions = (
				en,
				Base,
			);
			mainGroup = 819EEE7123EB759A00CFB100;
			productRefGroup = 819EEE7B23EB759A00CFB100 /* Products */;
			projectDirPath = "";
			projectRoot = "";
			targets = (
				819EEE7923EB759A00CFB100 /* calcTests */,
				819EEE8F23EB759C00CFB100 /* calcTestsTests */,
			);
		};
/* End PBXProject section */

/* Begin PBXResourcesBuildPhase section */
		819EEE7823EB759A00CFB100 /* Resources */ = {
			isa = PBXResourcesBuildPhase;
			buildActionMask = 2147483647;
			files = (
				819EEE8A23EB759C00CFB100 /* LaunchScreen.storyboard in Resources */,
				819EEE8723EB759C00CFB100 /* Assets.xcassets in Resources */,
				819EEE8523EB759A00CFB100 /* Main.storyboard in Resources */,
			);
			runOnlyForDeploymentPostprocessing = 0;
		};
		819EEE8E23EB759C00CFB100 /* Resources */ = {
			isa = PBXResourcesBuildPhase;
			buildActionMask = 2147483647;
			files = (
			);
			runOnlyForDeploymentPostprocessing = 0;
		};
/* End PBXResourcesBuildPhase section */

/* Begin PBXSourcesBuildPhase section */
		819EEE7623EB759A00CFB100 /* Sources */ = {
			isa = PBXSourcesBuildPhase;
			buildActionMask = 2147483647;
			files = (
				819EEE8223EB759A00CFB100 /* ViewController.swift in Sources */,
				819EEEA023EB76EC00CFB100 /* Calculator.swift in Sources */,
				819EEE7E23EB759A00CFB100 /* AppDelegate.swift in Sources */,
				819EEE8023EB759A00CFB100 /* SceneDelegate.swift in Sources */,
			);
			runOnlyForDeploymentPostprocessing = 0;
		};
		819EEE8C23EB759C00CFB100 /* Sources */ = {
			isa = PBXSourcesBuildPhase;
			buildActionMask = 2147483647;
			files = (
				819EEE9523EB759C00CFB100 /* calcTestsTests.swift in Sources */,
			);
			runOnlyForDeploymentPostprocessing = 0;
		};
/* End PBXSourcesBuildPhase section */

/* Begin PBXTargetDependency section */
		819EEE9223EB759C00CFB100 /* PBXTargetDependency */ = {
			isa = PBXTargetDependency;
			target = 819EEE7923EB759A00CFB100 /* calcTests */;
			targetProxy = 819EEE9123EB759C00CFB100 /* PBXContainerItemProxy */;
		};
/* End PBXTargetDependency section */

/* Begin PBXVariantGroup section */
		819EEE8323EB759A00CFB100 /* Main.storyboard */ = {
			isa = PBXVariantGroup;
			children = (
				819EEE8423EB759A00CFB100 /* Base */,
			);
			name = Main.storyboard;
			sourceTree = "<group>";
		};
		819EEE8823EB759C00CFB100 /* LaunchScreen.storyboard */ = {
			isa = PBXVariantGroup;
			children = (
				819EEE8923EB759C00CFB100 /* Base */,
			);
			name = LaunchScreen.storyboard;
			sourceTree = "<group>";
		};
/* End PBXVariantGroup section */

/* Begin XCBuildConfiguration section */
		819EEE9723EB759C00CFB100 /* Debug */ = {
			isa = XCBuildConfiguration;
			buildSettings = {
				ALWAYS_SEARCH_USER_PATHS = NO;
				CLANG_ANALYZER_NONNULL = YES;
				CLANG_ANALYZER_NUMBER_OBJECT_CONVERSION = YES_AGGRESSIVE;
				CLANG_CXX_LANGUAGE_STANDARD = "gnu++14";
				CLANG_CXX_LIBRARY = "libc++";
				CLANG_ENABLE_MODULES = YES;
				CLANG_ENABLE_OBJC_ARC = YES;
				CLANG_ENABLE_OBJC_WEAK = YES;
				CLANG_WARN_BLOCK_CAPTURE_AUTORELEASING = YES;
				CLANG_WARN_BOOL_CONVERSION = YES;
				CLANG_WARN_COMMA = YES;
				CLANG_WARN_CONSTANT_CONVERSION = YES;
				CLANG_WARN_DEPRECATED_OBJC_IMPLEMENTATIONS = YES;
				CLANG_WARN_DIRECT_OBJC_ISA_USAGE = YES_ERROR;
				CLANG_WARN_DOCUMENTATION_COMMENTS = YES;
				CLANG_WARN_EMPTY_BODY = YES;
				CLANG_WARN_ENUM_CONVERSION = YES;
				CLANG_WARN_INFINITE_RECURSION = YES;
				CLANG_WARN_INT_CONVERSION = YES;
				CLANG_WARN_NON_LITERAL_NULL_CONVERSION = YES;
				CLANG_WARN_OBJC_IMPLICIT_RETAIN_SELF = YES;
				CLANG_WARN_OBJC_LITERAL_CONVERSION = YES;
				CLANG_WARN_OBJC_ROOT_CLASS = YES_ERROR;
				CLANG_WARN_RANGE_LOOP_ANALYSIS = YES;
				CLANG_WARN_STRICT_PROTOTYPES = YES;
				CLANG_WARN_SUSPICIOUS_MOVE = YES;
				CLANG_WARN_UNGUARDED_AVAILABILITY = YES_AGGRESSIVE;
				CLANG_WARN_UNREACHABLE_CODE = YES;
				CLANG_WARN__DUPLICATE_METHOD_MATCH = YES;
				COPY_PHASE_STRIP = NO;
				DEBUG_INFORMATION_FORMAT = dwarf;
				ENABLE_STRICT_OBJC_MSGSEND = YES;
				ENABLE_TESTABILITY = YES;
				GCC_C_LANGUAGE_STANDARD = gnu11;
				GCC_DYNAMIC_NO_PIC = NO;
				GCC_NO_COMMON_BLOCKS = YES;
				GCC_OPTIMIZATION_LEVEL = 0;
				GCC_PREPROCESSOR_DEFINITIONS = (
					"DEBUG=1",
					"$(inherited)",
				);
				GCC_WARN_64_TO_32_BIT_CONVERSION = YES;
				GCC_WARN_ABOUT_RETURN_TYPE = YES_ERROR;
				GCC_WARN_UNDECLARED_SELECTOR = YES;
				GCC_WARN_UNINITIALIZED_AUTOS = YES_AGGRESSIVE;
				GCC_WARN_UNUSED_FUNCTION = YES;
				GCC_WARN_UNUSED_VARIABLE = YES;
				IPHONEOS_DEPLOYMENT_TARGET = 13.0;
				MTL_ENABLE_DEBUG_INFO = INCLUDE_SOURCE;
				MTL_FAST_MATH = YES;
				ONLY_ACTIVE_ARCH = YES;
				SDKROOT = iphoneos;
				SWIFT_ACTIVE_COMPILATION_CONDITIONS = DEBUG;
				SWIFT_OPTIMIZATION_LEVEL = "-Onone";
			};
			name = Debug;
		};
		819EEE9823EB759C00CFB100 /* Release */ = {
			isa = XCBuildConfiguration;
			buildSettings = {
				ALWAYS_SEARCH_USER_PATHS = NO;
				CLANG_ANALYZER_NONNULL = YES;
				CLANG_ANALYZER_NUMBER_OBJECT_CONVERSION = YES_AGGRESSIVE;
				CLANG_CXX_LANGUAGE_STANDARD = "gnu++14";
				CLANG_CXX_LIBRARY = "libc++";
				CLANG_ENABLE_MODULES = YES;
				CLANG_ENABLE_OBJC_ARC = YES;
				CLANG_ENABLE_OBJC_WEAK = YES;
				CLANG_WARN_BLOCK_CAPTURE_AUTORELEASING = YES;
				CLANG_WARN_BOOL_CONVERSION = YES;
				CLANG_WARN_COMMA = YES;
				CLANG_WARN_CONSTANT_CONVERSION = YES;
				CLANG_WARN_DEPRECATED_OBJC_IMPLEMENTATIONS = YES;
				CLANG_WARN_DIRECT_OBJC_ISA_USAGE = YES_ERROR;
				CLANG_WARN_DOCUMENTATION_COMMENTS = YES;
				CLANG_WARN_EMPTY_BODY = YES;
				CLANG_WARN_ENUM_CONVERSION = YES;
				CLANG_WARN_INFINITE_RECURSION = YES;
				CLANG_WARN_INT_CONVERSION = YES;
				CLANG_WARN_NON_LITERAL_NULL_CONVERSION = YES;
				CLANG_WARN_OBJC_IMPLICIT_RETAIN_SELF = YES;
				CLANG_WARN_OBJC_LITERAL_CONVERSION = YES;
				CLANG_WARN_OBJC_ROOT_CLASS = YES_ERROR;
				CLANG_WARN_RANGE_LOOP_ANALYSIS = YES;
				CLANG_WARN_STRICT_PROTOTYPES = YES;
				CLANG_WARN_SUSPICIOUS_MOVE = YES;
				CLANG_WARN_UNGUARDED_AVAILABILITY = YES_AGGRESSIVE;
				CLANG_WARN_UNREACHABLE_CODE = YES;
				CLANG_WARN__DUPLICATE_METHOD_MATCH = YES;
				COPY_PHASE_STRIP = NO;
				DEBUG_INFORMATION_FORMAT = "dwarf-with-dsym";
				ENABLE_NS_ASSERTIONS = NO;
				ENABLE_STRICT_OBJC_MSGSEND = YES;
				GCC_C_LANGUAGE_STANDARD = gnu11;
				GCC_NO_COMMON_BLOCKS = YES;
				GCC_WARN_64_TO_32_BIT_CONVERSION = YES;
				GCC_WARN_ABOUT_RETURN_TYPE = YES_ERROR;
				GCC_WARN_UNDECLARED_SELECTOR = YES;
				GCC_WARN_UNINITIALIZED_AUTOS = YES_AGGRESSIVE;
				GCC_WARN_UNUSED_FUNCTION = YES;
				GCC_WARN_UNUSED_VARIABLE = YES;
				IPHONEOS_DEPLOYMENT_TARGET = 13.0;
				MTL_ENABLE_DEBUG_INFO = NO;
				MTL_FAST_MATH = YES;
				SDKROOT = iphoneos;
				SWIFT_COMPILATION_MODE = wholemodule;
				SWIFT_OPTIMIZATION_LEVEL = "-O";
				VALIDATE_PRODUCT = YES;
			};
			name = Release;
		};
		819EEE9A23EB759C00CFB100 /* Debug */ = {
			isa = XCBuildConfiguration;
			buildSettings = {
				ASSETCATALOG_COMPILER_APPICON_NAME = AppIcon;
				CODE_SIGN_STYLE = Automatic;
				DEVELOPMENT_TEAM = V9HW99M5PX;
				INFOPLIST_FILE = calcTests/Info.plist;
				LD_RUNPATH_SEARCH_PATHS = (
					"$(inherited)",
					"@executable_path/Frameworks",
				);
				PRODUCT_BUNDLE_IDENTIFIER = Iram.calcTests;
				PRODUCT_NAME = "$(TARGET_NAME)";
				SWIFT_VERSION = 5.0;
				TARGETED_DEVICE_FAMILY = "1,2";
			};
			name = Debug;
		};
		819EEE9B23EB759C00CFB100 /* Release */ = {
			isa = XCBuildConfiguration;
			buildSettings = {
				ASSETCATALOG_COMPILER_APPICON_NAME = AppIcon;
				CODE_SIGN_STYLE = Automatic;
				DEVELOPMENT_TEAM = V9HW99M5PX;
				INFOPLIST_FILE = calcTests/Info.plist;
				LD_RUNPATH_SEARCH_PATHS = (
					"$(inherited)",
					"@executable_path/Frameworks",
				);
				PRODUCT_BUNDLE_IDENTIFIER = Iram.calcTests;
				PRODUCT_NAME = "$(TARGET_NAME)";
				SWIFT_VERSION = 5.0;
				TARGETED_DEVICE_FAMILY = "1,2";
			};
			name = Release;
		};
		819EEE9D23EB759C00CFB100 /* Debug */ = {
			isa = XCBuildConfiguration;
			buildSettings = {
				ALWAYS_EMBED_SWIFT_STANDARD_LIBRARIES = YES;
				BUNDLE_LOADER = "$(TEST_HOST)";
				CODE_SIGN_STYLE = Automatic;
				DEVELOPMENT_TEAM = V9HW99M5PX;
				INFOPLIST_FILE = calcTestsTests/Info.plist;
				IPHONEOS_DEPLOYMENT_TARGET = 13.0;
				LD_RUNPATH_SEARCH_PATHS = (
					"$(inherited)",
					"@executable_path/Frameworks",
					"@loader_path/Frameworks",
				);
				PRODUCT_BUNDLE_IDENTIFIER = Iram.calcTestsTests;
				PRODUCT_NAME = "$(TARGET_NAME)";
				SWIFT_VERSION = 5.0;
				TARGETED_DEVICE_FAMILY = "1,2";
				TEST_HOST = "$(BUILT_PRODUCTS_DIR)/calcTests.app/calcTests";
			};
			name = Debug;
		};
		819EEE9E23EB759C00CFB100 /* Release */ = {
			isa = XCBuildConfiguration;
			buildSettings = {
				ALWAYS_EMBED_SWIFT_STANDARD_LIBRARIES = YES;
				BUNDLE_LOADER = "$(TEST_HOST)";
				CODE_SIGN_STYLE = Automatic;
				DEVELOPMENT_TEAM = V9HW99M5PX;
				INFOPLIST_FILE = calcTestsTests/Info.plist;
				IPHONEOS_DEPLOYMENT_TARGET = 13.0;
				LD_RUNPATH_SEARCH_PATHS = (
					"$(inherited)",
					"@executable_path/Frameworks",
					"@loader_path/Frameworks",
				);
				PRODUCT_BUNDLE_IDENTIFIER = Iram.calcTestsTests;
				PRODUCT_NAME = "$(TARGET_NAME)";
				SWIFT_VERSION = 5.0;
				TARGETED_DEVICE_FAMILY = "1,2";
				TEST_HOST = "$(BUILT_PRODUCTS_DIR)/calcTests.app/calcTests";
			};
			name = Release;
		};
/* End XCBuildConfiguration section */

/* Begin XCConfigurationList section */
		819EEE7523EB759A00CFB100 /* Build configuration list for PBXProject "calcTests" */ = {
			isa = XCConfigurationList;
			buildConfigurations = (
				819EEE9723EB759C00CFB100 /* Debug */,
				819EEE9823EB759C00CFB100 /* Release */,
			);
			defaultConfigurationIsVisible = 0;
			defaultConfigurationName = Release;
		};
		819EEE9923EB759C00CFB100 /* Build configuration list for PBXNativeTarget "calcTests" */ = {
			isa = XCConfigurationList;
			buildConfigurations = (
				819EEE9A23EB759C00CFB100 /* Debug */,
				819EEE9B23EB759C00CFB100 /* Release */,
			);
			defaultConfigurationIsVisible = 0;
			defaultConfigurationName = Release;
		};
		819EEE9C23EB759C00CFB100 /* Build configuration list for PBXNativeTarget "calcTestsTests" */ = {
			isa = XCConfigurationList;
			buildConfigurations = (
				819EEE9D23EB759C00CFB100 /* Debug */,
				819EEE9E23EB759C00CFB100 /* Release */,
			);
			defaultConfigurationIsVisible = 0;
			defaultConfigurationName = Release;
		};
/* End XCConfigurationList section */
	};
	rootObject = 819EEE7223EB759A00CFB100 /* Project object */;
}
